// !$*UTF8*$!
{
	archiveVersion = 1;
	classes = {
	};
	objectVersion = 46;
	objects = {

/* Begin PBXBuildFile section */
		2F1A63E21C8B1C8B0065DB17 /* AppDelegate.swift in Sources */ = {isa = PBXBuildFile; fileRef = 2F1A63E11C8B1C8B0065DB17 /* AppDelegate.swift */; };
		2F1A63E41C8B1C8B0065DB17 /* MasterViewController.swift in Sources */ = {isa = PBXBuildFile; fileRef = 2F1A63E31C8B1C8B0065DB17 /* MasterViewController.swift */; };
		2F1A63E61C8B1C8B0065DB17 /* DetailViewController.swift in Sources */ = {isa = PBXBuildFile; fileRef = 2F1A63E51C8B1C8B0065DB17 /* DetailViewController.swift */; };
		2F1A63EB1C8B1C8B0065DB17 /* Assets.xcassets in Resources */ = {isa = PBXBuildFile; fileRef = 2F1A63EA1C8B1C8B0065DB17 /* Assets.xcassets */; };
		2F1A63EE1C8B1C8B0065DB17 /* LaunchScreen.storyboard in Resources */ = {isa = PBXBuildFile; fileRef = 2F1A63EC1C8B1C8B0065DB17 /* LaunchScreen.storyboard */; };
		2F23605F1C8BF51000BC8A05 /* MailListViewController.swift in Sources */ = {isa = PBXBuildFile; fileRef = 2F23605E1C8BF51000BC8A05 /* MailListViewController.swift */; };
		2F89DE751C8C115D0085D272 /* Main.storyboard in Resources */ = {isa = PBXBuildFile; fileRef = 2F89DE731C8C115D0085D272 /* Main.storyboard */; };
/* End PBXBuildFile section */

/* Begin PBXFileReference section */
		2F1A63DE1C8B1C8B0065DB17 /* testMasterdetail.app */ = {isa = PBXFileReference; explicitFileType = wrapper.application; includeInIndex = 0; path = testMasterdetail.app; sourceTree = BUILT_PRODUCTS_DIR; };
		2F1A63E11C8B1C8B0065DB17 /* AppDelegate.swift */ = {isa = PBXFileReference; lastKnownFileType = sourcecode.swift; path = AppDelegate.swift; sourceTree = "<group>"; };
		2F1A63E31C8B1C8B0065DB17 /* MasterViewController.swift */ = {isa = PBXFileReference; lastKnownFileType = sourcecode.swift; path = MasterViewController.swift; sourceTree = "<group>"; };
		2F1A63E51C8B1C8B0065DB17 /* DetailViewController.swift */ = {isa = PBXFileReference; lastKnownFileType = sourcecode.swift; path = DetailViewController.swift; sourceTree = "<group>"; };
		2F1A63EA1C8B1C8B0065DB17 /* Assets.xcassets */ = {isa = PBXFileReference; lastKnownFileType = folder.assetcatalog; path = Assets.xcassets; sourceTree = "<group>"; };
		2F1A63ED1C8B1C8B0065DB17 /* Base */ = {isa = PBXFileReference; lastKnownFileType = file.storyboard; name = Base; path = Base.lproj/LaunchScreen.storyboard; sourceTree = "<group>"; };
		2F1A63EF1C8B1C8B0065DB17 /* Info.plist */ = {isa = PBXFileReference; lastKnownFileType = text.plist.xml; path = Info.plist; sourceTree = "<group>"; };
		2F23605E1C8BF51000BC8A05 /* MailListViewController.swift */ = {isa = PBXFileReference; fileEncoding = 4; lastKnownFileType = sourcecode.swift; path = MailListViewController.swift; sourceTree = "<group>"; };
		2F89DE741C8C115D0085D272 /* Base */ = {isa = PBXFileReference; lastKnownFileType = file.storyboard; name = Base; path = Base.lproj/Main.storyboard; sourceTree = "<group>"; };
/* End PBXFileReference section */

/* Begin PBXFrameworksBuildPhase section */
		2F1A63DB1C8B1C8B0065DB17 /* Frameworks */ = {
			isa = PBXFrameworksBuildPhase;
			buildActionMask = 2147483647;
			files = (
			);
			runOnlyForDeploymentPostprocessing = 0;
		};
/* End PBXFrameworksBuildPhase section */

/* Begin PBXGroup section */
		2F1A63D51C8B1C8B0065DB17 = {
			isa = PBXGroup;
			children = (
				2F1A63E01C8B1C8B0065DB17 /* testMasterdetail */,
				2F1A63DF1C8B1C8B0065DB17 /* Products */,
			);
			sourceTree = "<group>";
		};
		2F1A63DF1C8B1C8B0065DB17 /* Products */ = {
			isa = PBXGroup;
			children = (
				2F1A63DE1C8B1C8B0065DB17 /* testMasterdetail.app */,
			);
			name = Products;
			sourceTree = "<group>";
		};
		2F1A63E01C8B1C8B0065DB17 /* testMasterdetail */ = {
			isa = PBXGroup;
			children = (
				2F89DE731C8C115D0085D272 /* Main.storyboard */,
				2F1A63E11C8B1C8B0065DB17 /* AppDelegate.swift */,
				2F1A63E31C8B1C8B0065DB17 /* MasterViewController.swift */,
				2F1A63E51C8B1C8B0065DB17 /* DetailViewController.swift */,
				2F1A63EA1C8B1C8B0065DB17 /* Assets.xcassets */,
				2F1A63EC1C8B1C8B0065DB17 /* LaunchScreen.storyboard */,
				2F1A63EF1C8B1C8B0065DB17 /* Info.plist */,
				2F23605E1C8BF51000BC8A05 /* MailListViewController.swift */,
			);
			path = testMasterdetail;
			sourceTree = "<group>";
		};
/* End PBXGroup section */

/* Begin PBXNativeTarget section */
		2F1A63DD1C8B1C8B0065DB17 /* testMasterdetail */ = {
			isa = PBXNativeTarget;
			buildConfigurationList = 2F1A63F21C8B1C8B0065DB17 /* Build configuration list for PBXNativeTarget "testMasterdetail" */;
			buildPhases = (
				2F1A63DA1C8B1C8B0065DB17 /* Sources */,
				2F1A63DB1C8B1C8B0065DB17 /* Frameworks */,
				2F1A63DC1C8B1C8B0065DB17 /* Resources */,
			);
			buildRules = (
			);
			dependencies = (
			);
			name = testMasterdetail;
			productName = testMasterdetail;
			productReference = 2F1A63DE1C8B1C8B0065DB17 /* testMasterdetail.app */;
			productType = "com.apple.product-type.application";
		};
/* End PBXNativeTarget section */

/* Begin PBXProject section */
		2F1A63D61C8B1C8B0065DB17 /* Project object */ = {
			isa = PBXProject;
			attributes = {
				LastSwiftUpdateCheck = 0720;
				LastUpgradeCheck = 0720;
				ORGANIZATIONNAME = shiweiwei;
				TargetAttributes = {
					2F1A63DD1C8B1C8B0065DB17 = {
						CreatedOnToolsVersion = 7.2;
						DevelopmentTeam = 568K22Q8ZZ;
					};
				};
			};
			buildConfigurationList = 2F1A63D91C8B1C8B0065DB17 /* Build configuration list for PBXProject "testMasterdetail" */;
			compatibilityVersion = "Xcode 3.2";
			developmentRegion = English;
			hasScannedForEncodings = 0;
			knownRegions = (
				en,
				Base,
			);
			mainGroup = 2F1A63D51C8B1C8B0065DB17;
			productRefGroup = 2F1A63DF1C8B1C8B0065DB17 /* Products */;
			projectDirPath = "";
			projectRoot = "";
			targets = (
				2F1A63DD1C8B1C8B0065DB17 /* testMasterdetail */,
			);
		};
/* End PBXProject section */

/* Begin PBXResourcesBuildPhase section */
		2F1A63DC1C8B1C8B0065DB17 /* Resources */ = {
			isa = PBXResourcesBuildPhase;
			buildActionMask = 2147483647;
			files = (
				2F89DE751C8C115D0085D272 /* Main.storyboard in Resources */,
				2F1A63EE1C8B1C8B0065DB17 /* LaunchScreen.storyboard in Resources */,
				2F1A63EB1C8B1C8B0065DB17 /* Assets.xcassets in Resources */,
			);
			runOnlyForDeploymentPostprocessing = 0;
		};
/* End PBXResourcesBuildPhase section */

/* Begin PBXSourcesBuildPhase section */
		2F1A63DA1C8B1C8B0065DB17 /* Sources */ = {
			isa = PBXSourcesBuildPhase;
			buildActionMask = 2147483647;
			files = (
				2F1A63E61C8B1C8B0065DB17 /* DetailViewController.swift in Sources */,
				2F23605F1C8BF51000BC8A05 /* MailListViewController.swift in Sources */,
				2F1A63E41C8B1C8B0065DB17 /* MasterViewController.swift in Sources */,
				2F1A63E21C8B1C8B0065DB17 /* AppDelegate.swift in Sources */,
			);
			runOnlyForDeploymentPostprocessing = 0;
		};
/* End PBXSourcesBuildPhase section */

/* Begin PBXVariantGroup section */
		2F1A63EC1C8B1C8B0065DB17 /* LaunchScreen.storyboard */ = {
			isa = PBXVariantGroup;
			children = (
				2F1A63ED1C8B1C8B0065DB17 /* Base */,
			);
			name = LaunchScreen.storyboard;
			sourceTree = "<group>";
		};
		2F89DE731C8C115D0085D272 /* Main.storyboard */ = {
			isa = PBXVariantGroup;
			children = (
				2F89DE741C8C115D0085D272 /* Base */,
			);
			name = Main.storyboard;
			sourceTree = "<group>";
		};
/* End PBXVariantGroup section */

/* Begin XCBuildConfiguration section */
		2F1A63F01C8B1C8B0065DB17 /* Debug */ = {
			isa = XCBuildConfiguration;
			buildSettings = {
				ALWAYS_SEARCH_USER_PATHS = NO;
				CLANG_CXX_LANGUAGE_STANDARD = "gnu++0x";
				CLANG_CXX_LIBRARY = "libc++";
				CLANG_ENABLE_MODULES = YES;
				CLANG_ENABLE_OBJC_ARC = YES;
				CLANG_WARN_BOOL_CONVERSION = YES;
				CLANG_WARN_CONSTANT_CONVERSION = YES;
				CLANG_WARN_DIRECT_OBJC_ISA_USAGE = YES_ERROR;
				CLANG_WARN_EMPTY_BODY = YES;
				CLANG_WARN_ENUM_CONVERSION = YES;
				CLANG_WARN_INT_CONVERSION = YES;
				CLANG_WARN_OBJC_ROOT_CLASS = YES_ERROR;
				CLANG_WARN_UNREACHABLE_CODE = YES;
				CLANG_WARN__DUPLICATE_METHOD_MATCH = YES;
				"CODE_SIGN_IDENTITY[sdk=iphoneos*]" = "iPhone Developer";
				COPY_PHASE_STRIP = NO;
				DEBUG_INFORMATION_FORMAT = dwarf;
				ENABLE_STRICT_OBJC_MSGSEND = YES;
				ENABLE_TESTABILITY = YES;
				GCC_C_LANGUAGE_STANDARD = gnu99;
				GCC_DYNAMIC_NO_PIC = NO;
				GCC_NO_COMMON_BLOCKS = YES;
				GCC_OPTIMIZATION_LEVEL = 0;
				GCC_PREPROCESSOR_DEFINITIONS = (
					"DEBUG=1",
					"$(inherited)",
				);
				GCC_WARN_64_TO_32_BIT_CONVERSION = YES;
				GCC_WARN_ABOUT_RETURN_TYPE = YES_ERROR;
				GCC_WARN_UNDECLARED_SELECTOR = YES;
				GCC_WARN_UNINITIALIZED_AUTOS = YES_AGGRESSIVE;
				GCC_WARN_UNUSED_FUNCTION = YES;
				GCC_WARN_UNUSED_VARIABLE = YES;
				IPHONEOS_DEPLOYMENT_TARGET = 9.2;
				MTL_ENABLE_DEBUG_INFO = YES;
				ONLY_ACTIVE_ARCH = YES;
				SDKROOT = iphoneos;
				SWIFT_OPTIMIZATION_LEVEL = "-Onone";
				TARGETED_DEVICE_FAMILY = 2;
			};
			name = Debug;
		};
		2F1A63F11C8B1C8B0065DB17 /* Release */ = {
			isa = XCBuildConfiguration;
			buildSettings = {
				ALWAYS_SEARCH_USER_PATHS = NO;
				CLANG_CXX_LANGUAGE_STANDARD = "gnu++0x";
				CLANG_CXX_LIBRARY = "libc++";
				CLANG_ENABLE_MODULES = YES;
				CLANG_ENABLE_OBJC_ARC = YES;
				CLANG_WARN_BOOL_CONVERSION = YES;
				CLANG_WARN_CONSTANT_CONVERSION = YES;
				CLANG_WARN_DIRECT_OBJC_ISA_USAGE = YES_ERROR;
				CLANG_WARN_EMPTY_BODY = YES;
				CLANG_WARN_ENUM_CONVERSION = YES;
				CLANG_WARN_INT_CONVERSION = YES;
				CLANG_WARN_OBJC_ROOT_CLASS = YES_ERROR;
				CLANG_WARN_UNREACHABLE_CODE = YES;
				CLANG_WARN__DUPLICATE_METHOD_MATCH = YES;
				"CODE_SIGN_IDENTITY[sdk=iphoneos*]" = "iPhone Developer";
				COPY_PHASE_STRIP = NO;
				DEBUG_INFORMATION_FORMAT = "dwarf-with-dsym";
				ENABLE_NS_ASSERTIONS = NO;
				ENABLE_STRICT_OBJC_MSGSEND = YES;
				GCC_C_LANGUAGE_STANDARD = gnu99;
				GCC_NO_COMMON_BLOCKS = YES;
				GCC_WARN_64_TO_32_BIT_CONVERSION = YES;
				GCC_WARN_ABOUT_RETURN_TYPE = YES_ERROR;
				GCC_WARN_UNDECLARED_SELECTOR = YES;
				GCC_WARN_UNINITIALIZED_AUTOS = YES_AGGRESSIVE;
				GCC_WARN_UNUSED_FUNCTION = YES;
				GCC_WARN_UNUSED_VARIABLE = YES;
				IPHONEOS_DEPLOYMENT_TARGET = 9.2;
				MTL_ENABLE_DEBUG_INFO = NO;
				SDKROOT = iphoneos;
				TARGETED_DEVICE_FAMILY = 2;
				VALIDATE_PRODUCT = YES;
			};
			name = Release;
		};
		2F1A63F31C8B1C8B0065DB17 /* Debug */ = {
			isa = XCBuildConfiguration;
			buildSettings = {
				ASSETCATALOG_COMPILER_APPICON_NAME = AppIcon;
				INFOPLIST_FILE = testMasterdetail/Info.plist;
				LD_RUNPATH_SEARCH_PATHS = "$(inherited) @executable_path/Frameworks";
				PRODUCT_BUNDLE_IDENTIFIER = shiweiwei.testMasterdetail;
				PRODUCT_NAME = "$(TARGET_NAME)";
			};
			name = Debug;
		};
		2F1A63F41C8B1C8B0065DB17 /* Release */ = {
			isa = XCBuildConfiguration;
			buildSettings = {
				ASSETCATALOG_COMPILER_APPICON_NAME = AppIcon;
				INFOPLIST_FILE = testMasterdetail/Info.plist;
				LD_RUNPATH_SEARCH_PATHS = "$(inherited) @executable_path/Frameworks";
				PRODUCT_BUNDLE_IDENTIFIER = shiweiwei.testMasterdetail;
				PRODUCT_NAME = "$(TARGET_NAME)";
			};
			name = Release;
		};
/* End XCBuildConfiguration section */

/* Begin XCConfigurationList section */
		2F1A63D91C8B1C8B0065DB17 /* Build configuration list for PBXProject "testMasterdetail" */ = {
			isa = XCConfigurationList;
			buildConfigurations = (
				2F1A63F01C8B1C8B0065DB17 /* Debug */,
				2F1A63F11C8B1C8B0065DB17 /* Release */,
			);
			defaultConfigurationIsVisible = 0;
			defaultConfigurationName = Release;
		};
		2F1A63F21C8B1C8B0065DB17 /* Build configuration list for PBXNativeTarget "testMasterdetail" */ = {
			isa = XCConfigurationList;
			buildConfigurations = (
				2F1A63F31C8B1C8B0065DB17 /* Debug */,
				2F1A63F41C8B1C8B0065DB17 /* Release */,
			);
			defaultConfigurationIsVisible = 0;
			defaultConfigurationName = Release;
		};
/* End XCConfigurationList section */
	};
	rootObject = 2F1A63D61C8B1C8B0065DB17 /* Project object */;
}
